<?xml version="1.0" encoding="utf-8"?>
<Project ToolsVersion="4.0" xmlns="http://schemas.microsoft.com/developer/msbuild/2003">
  <ItemGroup>
    <Filter Include="Source Files">
      <UniqueIdentifier>{4FC737F1-C7A5-4376-A066-2A32D752A2FF}</UniqueIdentifier>
      <Extensions>cpp;c;cc;cxx;c++;cppm;ixx;def;odl;idl;hpj;bat;asm;asmx</Extensions>
    </Filter>
    <Filter Include="Header Files">
      <UniqueIdentifier>{93995380-89BD-4b04-88EB-625FBE52EBFB}</UniqueIdentifier>
      <Extensions>h;hh;hpp;hxx;h++;hm;inl;inc;ipp;xsd</Extensions>
    </Filter>
    <Filter Include="Resource Files">
      <UniqueIdentifier>{67DA6AB6-F800-4c08-8B7A-83BB121AAD01}</UniqueIdentifier>
      <Extensions>rc;ico;cur;bmp;dlg;rc2;rct;bin;rgs;gif;jpg;jpeg;jpe;resx;tiff;tif;png;wav;mfcribbon-ms</Extensions>
    </Filter>
  </ItemGroup>
  <ItemGroup>
    <ClInclude Include="Framework\Framework.h">
      <Filter>Header Files</Filter>
    </ClInclude>
    <ClInclude Include="Framework\Utils\Memory\Memory.h">
      <Filter>Header Files</Filter>
    </ClInclude>
    <ClInclude Include="Framework\Utils\NetVars\NetVars.h">
      <Filter>Header Files</Filter>
    </ClInclude>
    <ClInclude Include="Framework\SDK\TF2\BaseClientDLL.h">
      <Filter>Header Files</Filter>
    </ClInclude>
    <ClInclude Include="Framework\SDK\Interfaces\Interfaces.h">
      <Filter>Header Files</Filter>
    </ClInclude>
    <ClInclude Include="Framework\SDK\TF2\Bitbuf.h">
      <Filter>Header Files</Filter>
    </ClInclude>
    <ClInclude Include="Framework\SDK\TF2\Color.h">
      <Filter>Header Files</Filter>
    </ClInclude>
    <ClInclude Include="Framework\SDK\TF2\Vector.h">
      <Filter>Header Files</Filter>
    </ClInclude>
    <ClInclude Include="Framework\SDK\TF2\Const.h">
      <Filter>Header Files</Filter>
    </ClInclude>
    <ClInclude Include="Framework\SDK\TF2\ClientMode.h">
      <Filter>Header Files</Filter>
    </ClInclude>
    <ClInclude Include="Framework\SDK\TF2\Cvar.h">
      <Filter>Header Files</Filter>
    </ClInclude>
    <ClInclude Include="Framework\SDK\TF2\Entities.h">
      <Filter>Header Files</Filter>
    </ClInclude>
    <ClInclude Include="Framework\SDK\TF2\GlobalVars.h">
      <Filter>Header Files</Filter>
    </ClInclude>
    <ClInclude Include="Framework\SDK\TF2\EngineVGui.h">
      <Filter>Header Files</Filter>
    </ClInclude>
    <ClInclude Include="Framework\SDK\TF2\EngineClient.h">
      <Filter>Header Files</Filter>
    </ClInclude>
    <ClInclude Include="Framework\SDK\TF2\EngineTrace.h">
      <Filter>Header Files</Filter>
    </ClInclude>
    <ClInclude Include="Framework\SDK\TF2\TF2.h">
      <Filter>Header Files</Filter>
    </ClInclude>
    <ClInclude Include="Framework\SDK\TF2\EntityList.h">
      <Filter>Header Files</Filter>
    </ClInclude>
    <ClInclude Include="Framework\SDK\TF2\Prediction.h">
      <Filter>Header Files</Filter>
    </ClInclude>
    <ClInclude Include="Framework\SDK\TF2\GameMovement.h">
      <Filter>Header Files</Filter>
    </ClInclude>
    <ClInclude Include="Framework\SDK\TF2\Input.h">
      <Filter>Header Files</Filter>
    </ClInclude>
    <ClInclude Include="Framework\SDK\TF2\RenderView.h">
      <Filter>Header Files</Filter>
    </ClInclude>
    <ClInclude Include="Framework\SDK\TF2\Surface.h">
      <Filter>Header Files</Filter>
    </ClInclude>
    <ClInclude Include="Framework\SDK\TF2\Material.h">
      <Filter>Header Files</Filter>
    </ClInclude>
    <ClInclude Include="Framework\Utils\MinHook\hde\hde32.h">
      <Filter>Header Files</Filter>
    </ClInclude>
    <ClInclude Include="Framework\Utils\MinHook\hde\hde64.h">
      <Filter>Header Files</Filter>
    </ClInclude>
    <ClInclude Include="Framework\Utils\MinHook\hde\pstdint.h">
      <Filter>Header Files</Filter>
    </ClInclude>
    <ClInclude Include="Framework\Utils\MinHook\hde\table32.h">
      <Filter>Header Files</Filter>
    </ClInclude>
    <ClInclude Include="Framework\Utils\MinHook\hde\table64.h">
      <Filter>Header Files</Filter>
    </ClInclude>
    <ClInclude Include="Framework\Utils\MinHook\buffer.h">
      <Filter>Header Files</Filter>
    </ClInclude>
    <ClInclude Include="Framework\Utils\MinHook\trampoline.h">
      <Filter>Header Files</Filter>
    </ClInclude>
    <ClInclude Include="Framework\Hooks\Hooks.h">
      <Filter>Header Files</Filter>
    </ClInclude>
    <ClInclude Include="Framework\Utils\MinHook\MinHook.h">
      <Filter>Header Files</Filter>
    </ClInclude>
    <ClInclude Include="Framework\Hooks\HookList.h">
      <Filter>Header Files</Filter>
    </ClInclude>
    <ClInclude Include="Framework\Features\Aimbot\Aimbot.h">
      <Filter>Header Files</Filter>
    </ClInclude>
    <ClInclude Include="Framework\SDK\Math\Math.h">
      <Filter>Header Files</Filter>
    </ClInclude>
    <ClInclude Include="Framework\Features\EnginePrediction\Engine.h">
      <Filter>Header Files</Filter>
    </ClInclude>
    <ClInclude Include="Framework\SDK\Math\MD5.h">
      <Filter>Header Files</Filter>
    </ClInclude>
    <ClInclude Include="Framework\Features\ESP\ESP.h">
      <Filter>Header Files</Filter>
    </ClInclude>
    <ClInclude Include="Framework\Utils\DrawTools\DrawTools.h">
      <Filter>Header Files</Filter>
    </ClInclude>
    <ClInclude Include="Framework\Features\Misc\Misc.h">
      <Filter>Header Files</Filter>
    </ClInclude>
    <ClInclude Include="Framework\SDK\TF2\ModelInfo.h">
      <Filter>Header Files</Filter>
    </ClInclude>
    <ClInclude Include="Framework\Features\LagCompensation\LagComp.h">
      <Filter>Header Files</Filter>
    </ClInclude>
    <ClInclude Include="Framework\SDK\TF2\Physics.h">
      <Filter>Header Files</Filter>
    </ClInclude>
    <ClInclude Include="Framework\Features\Projectile\Projectile.h">
      <Filter>Header Files</Filter>
    </ClInclude>
    <ClInclude Include="Framework\Features\Projectile\Movement\Movement.h">
      <Filter>Header Files</Filter>
    </ClInclude>
    <ClInclude Include="Framework\Features\Projectile\ProjectileSim\ProjectileSim.h">
      <Filter>Header Files</Filter>
    </ClInclude>
    <ClInclude Include="Globals.h">
      <Filter>Header Files</Filter>
    </ClInclude>
    <ClInclude Include="Framework\Features\Menu\Input\Input.h">
      <Filter>Header Files</Filter>
    </ClInclude>
    <ClInclude Include="Framework\Features\Menu\Menu.h">
      <Filter>Header Files</Filter>
    </ClInclude>
    <ClInclude Include="Framework\Features\CritHacks\CritHacks.h">
      <Filter>Header Files</Filter>
    </ClInclude>
    <ClInclude Include="Framework\Features\Menu\Config.h">
      <Filter>Header Files</Filter>
    </ClInclude>
    <ClInclude Include="Framework\Features\Menu\JSON\json.h">
      <Filter>Header Files</Filter>
    </ClInclude>
    <ClInclude Include="Framework\SDK\TF2\GameEvents.h">
      <Filter>Header Files</Filter>
    </ClInclude>
    <ClInclude Include="Framework\SDK\TF2\KeyValues.h">
      <Filter>Header Files</Filter>
    </ClInclude>
    <ClInclude Include="Framework\Features\Events\Events.h">
      <Filter>Header Files</Filter>
    </ClInclude>
    <ClInclude Include="Framework\SDK\Math\FNV1A.h">
      <Filter>Header Files</Filter>
    </ClInclude>
    <ClInclude Include="Framework\Features\Visuals\Visuals.h">
      <Filter>Header Files</Filter>
    </ClInclude>
    <ClInclude Include="Framework\SDK\TF2\AnimState.h">
      <Filter>Header Files</Filter>
    </ClInclude>
    <ClInclude Include="Framework\SDK\TF2\CUtlVector.h">
      <Filter>Header Files</Filter>
    </ClInclude>
    <ClInclude Include="Framework\Features\Auto\AutoVaccinator\AutoVacc.h">
      <Filter>Header Files</Filter>
    </ClInclude>
    <ClInclude Include="Framework\SDK\TF2\MaterialSystem.h">
      <Filter>Header Files</Filter>
    </ClInclude>
    <ClInclude Include="Framework\Features\Models\Models.h">
      <Filter>Header Files</Filter>
    </ClInclude>
    <ClInclude Include="Framework\SDK\TF2\DebugOverlay.h">
      <Filter>Header Files</Filter>
    </ClInclude>
    <ClInclude Include="Framework\Features\Legitbob\Legitbob.h">
      <Filter>Header Files</Filter>
    </ClInclude>
    <ClInclude Include="Framework\Features\Outlines\Outlines.h">
      <Filter>Header Files</Filter>
    </ClInclude>
    <ClInclude Include="Framework\SDK\TF2\Beams.h">
      <Filter>Header Files</Filter>
    </ClInclude>
    <ClInclude Include="Framework\Features\Anti-Aimbot\Anti-Aimbot.h">
      <Filter>Header Files</Filter>
    </ClInclude>
    <ClInclude Include="Framework\Features\Melee\MeleeBob.h">
      <Filter>Header Files</Filter>
    </ClInclude>
    <ClInclude Include="Framework\Features\Confidence\Confidence.h">
      <Filter>Header Files</Filter>
    </ClInclude>
    <ClInclude Include="Framework\Features\Auto\AutoMedic\AutoMedic.h">
      <Filter>Header Files</Filter>
    </ClInclude>
    <ClInclude Include="Framework\Features\Auto\AutoDetonate\AutoDetonate.h">
      <Filter>Header Files</Filter>
    </ClInclude>
    <ClInclude Include="Framework\Features\Misc\Wave\Wave.h">
      <Filter>Header Files</Filter>
    </ClInclude>
    <ClInclude Include="Framework\SDK\Steam\SteamClient.h">
      <Filter>Header Files</Filter>
    </ClInclude>
    <ClInclude Include="Framework\Features\Menu\Textures.h">
      <Filter>Header Files</Filter>
    </ClInclude>
    <ClInclude Include="Framework\Features\NoSpread\NoSpread.h">
      <Filter>Header Files</Filter>
    </ClInclude>
    <ClInclude Include="Framework\SDK\TF2\UniformRandomStream.h">
      <Filter>Header Files</Filter>
    </ClInclude>
    <ClInclude Include="Framework\Features\Auto\AutoAirblast\AutoAirblast.h">
      <Filter>Header Files</Filter>
    </ClInclude>
    <ClInclude Include="Framework\SDK\TF2\CHandle.h">
      <Filter>Header Files</Filter>
    </ClInclude>
    <ClInclude Include="Framework\SDK\TF2\IHandleEntity.h">
      <Filter>Header Files</Filter>
    </ClInclude>
    <ClInclude Include="Framework\SDK\TF2\CBaseHandle.h">
      <Filter>Header Files</Filter>
    </ClInclude>
    <ClInclude Include="Framework\SDK\TF2\CEconNotification.h">
      <Filter>Header Files</Filter>
    </ClInclude>
    <ClInclude Include="Framework\Features\AnimFix\AnimFix.h">
      <Filter>Header Files</Filter>
    </ClInclude>
    <ClInclude Include="Framework\SDK\TF2\MemAlloc.h">
      <Filter>Header Files</Filter>
    </ClInclude>
    <ClInclude Include="Framework\SDK\TF2\StudioRender.h">
      <Filter>Header Files</Filter>
    </ClInclude>
    <ClInclude Include="Framework\SDK\TF2\CTFGCClient.h">
      <Filter>Header Files</Filter>
    </ClInclude>
    <ClInclude Include="Framework\Features\Notifications\Notifications.h">
      <Filter>Header Files</Filter>
    </ClInclude>
    <ClInclude Include="Framework\SDK\TF2\GameRules.h">
      <Filter>Header Files</Filter>
    </ClInclude>
  </ItemGroup>
  <ItemGroup>
    <ClCompile Include="DllMain.cpp">
      <Filter>Source Files</Filter>
    </ClCompile>
    <ClCompile Include="Framework\Framework.cpp">
      <Filter>Source Files</Filter>
    </ClCompile>
    <ClCompile Include="Framework\SDK\TF2\Entities.cpp">
      <Filter>Source Files</Filter>
    </ClCompile>
    <ClCompile Include="Framework\SDK\TF2\EngineTrace.cpp">
      <Filter>Source Files</Filter>
    </ClCompile>
    <ClCompile Include="Framework\Utils\NetVars\NetVars.cpp">
      <Filter>Source Files</Filter>
    </ClCompile>
    <ClCompile Include="Framework\Utils\MinHook\hde\hde32.c">
      <Filter>Source Files</Filter>
    </ClCompile>
    <ClCompile Include="Framework\Utils\MinHook\hde\hde64.c">
      <Filter>Source Files</Filter>
    </ClCompile>
    <ClCompile Include="Framework\Utils\MinHook\buffer.c">
      <Filter>Source Files</Filter>
    </ClCompile>
    <ClCompile Include="Framework\Utils\MinHook\hook.c">
      <Filter>Source Files</Filter>
    </ClCompile>
    <ClCompile Include="Framework\Utils\MinHook\trampoline.c">
      <Filter>Source Files</Filter>
    </ClCompile>
    <ClCompile Include="Framework\Hooks\Hooks.cpp">
      <Filter>Source Files</Filter>
    </ClCompile>
    <ClCompile Include="Framework\Hooks\HookList.cpp">
      <Filter>Source Files</Filter>
    </ClCompile>
    <ClCompile Include="Framework\Features\Aimbot\Aimbot.cpp">
      <Filter>Source Files</Filter>
    </ClCompile>
    <ClCompile Include="Framework\Features\EnginePrediction\Engine.cpp">
      <Filter>Source Files</Filter>
    </ClCompile>
    <ClCompile Include="Framework\SDK\Math\MD5.cpp">
      <Filter>Source Files</Filter>
    </ClCompile>
    <ClCompile Include="Framework\Features\ESP\ESP.cpp">
      <Filter>Source Files</Filter>
    </ClCompile>
    <ClCompile Include="Framework\SDK\TF2\Surface.cpp">
      <Filter>Source Files</Filter>
    </ClCompile>
    <ClCompile Include="Framework\SDK\TF2\TF2.cpp">
      <Filter>Source Files</Filter>
    </ClCompile>
    <ClCompile Include="Framework\Utils\DrawTools\DrawTools.cpp">
      <Filter>Source Files</Filter>
    </ClCompile>
    <ClCompile Include="Framework\Features\Misc\Misc.cpp">
      <Filter>Source Files</Filter>
    </ClCompile>
    <ClCompile Include="Framework\Features\LagCompensation\LagComp.cpp">
      <Filter>Source Files</Filter>
    </ClCompile>
    <ClCompile Include="Framework\SDK\TF2\Bitbuf.cpp">
      <Filter>Source Files</Filter>
    </ClCompile>
    <ClCompile Include="Framework\Features\Projectile\Projectile.cpp">
      <Filter>Source Files</Filter>
    </ClCompile>
    <ClCompile Include="Framework\Features\Projectile\Movement\Movement.cpp">
      <Filter>Source Files</Filter>
    </ClCompile>
    <ClCompile Include="Framework\Features\Projectile\ProjectileSim\ProjectileSim.cpp">
      <Filter>Source Files</Filter>
    </ClCompile>
    <ClCompile Include="Framework\Features\Menu\Input\Input.cpp">
      <Filter>Source Files</Filter>
    </ClCompile>
    <ClCompile Include="Framework\Features\Menu\Menu.cpp">
      <Filter>Source Files</Filter>
    </ClCompile>
    <ClCompile Include="Framework\Features\CritHacks\CritHacks.cpp">
      <Filter>Source Files</Filter>
    </ClCompile>
    <ClCompile Include="Framework\Features\Menu\JSON\json.cpp">
      <Filter>Source Files</Filter>
    </ClCompile>
    <ClCompile Include="Framework\SDK\TF2\KeyValues.cpp">
      <Filter>Source Files</Filter>
    </ClCompile>
    <ClCompile Include="Framework\Features\Events\Events.cpp">
      <Filter>Source Files</Filter>
    </ClCompile>
    <ClCompile Include="Framework\Features\Visuals\Visuals.cpp">
      <Filter>Source Files</Filter>
    </ClCompile>
    <ClCompile Include="Framework\SDK\TF2\AnimState.cpp">
      <Filter>Source Files</Filter>
    </ClCompile>
    <ClCompile Include="Framework\SDK\TF2\CUtlVector.cpp">
      <Filter>Source Files</Filter>
    </ClCompile>
    <ClCompile Include="Framework\Features\Auto\AutoVaccinator\AutoVacc.cpp">
      <Filter>Source Files</Filter>
    </ClCompile>
    <ClCompile Include="Framework\Features\Models\Models.cpp">
      <Filter>Source Files</Filter>
    </ClCompile>
    <ClCompile Include="Framework\Features\Menu\Widgets.cpp">
      <Filter>Source Files</Filter>
    </ClCompile>
    <ClCompile Include="Framework\Features\Legitbob\Legitbob.cpp">
      <Filter>Source Files</Filter>
    </ClCompile>
    <ClCompile Include="Framework\Features\Outlines\Outlines.cpp">
      <Filter>Source Files</Filter>
    </ClCompile>
    <ClCompile Include="Framework\SDK\TF2\Beams.cpp">
      <Filter>Source Files</Filter>
    </ClCompile>
    <ClCompile Include="Framework\Features\Anti-Aimbot\Anti-Aimbot.cpp">
      <Filter>Source Files</Filter>
    </ClCompile>
    <ClCompile Include="Framework\Features\Melee\MeleeBob.cpp">
      <Filter>Source Files</Filter>
    </ClCompile>
    <ClCompile Include="Framework\Features\Confidence\Confidence.cpp">
      <Filter>Source Files</Filter>
    </ClCompile>
    <ClCompile Include="Framework\Features\Auto\AutoMedic\AutoMedic.cpp">
      <Filter>Source Files</Filter>
    </ClCompile>
    <ClCompile Include="Framework\Features\Auto\AutoDetonate\AutoDetonate.cpp">
      <Filter>Source Files</Filter>
    </ClCompile>
    <ClCompile Include="Framework\Features\Misc\Wave\Wave.cpp">
      <Filter>Source Files</Filter>
    </ClCompile>
    <ClCompile Include="Framework\Features\NoSpread\NoSpread.cpp">
      <Filter>Source Files</Filter>
    </ClCompile>
    <ClCompile Include="Framework\Features\Auto\AutoAirblast\AutoAirblast.cpp">
      <Filter>Source Files</Filter>
    </ClCompile>
    <ClCompile Include="Framework\SDK\TF2\CBaseHandle.cpp">
      <Filter>Source Files</Filter>
    </ClCompile>
    <ClCompile Include="Framework\Features\AnimFix\AnimFix.cpp">
      <Filter>Source Files</Filter>
    </ClCompile>
    <ClCompile Include="Framework\SDK\TF2\CTFGCClient.cpp">
      <Filter>Source Files</Filter>
    </ClCompile>
    <ClCompile Include="Framework\Features\Notifications\Notifications.cpp">
      <Filter>Source Files</Filter>
    </ClCompile>
  </ItemGroup>
</Project>